
Microsoft Visual Studio Solution File, Format Version 12.00
# Visual Studio Version 17
VisualStudioVersion = 17.11.35327.3
MinimumVisualStudioVersion = 10.0.40219.1
Project("{FAE04EC0-301F-11D3-BF4B-00C04F79EFBC}") = "Davgarzone1.0", "Davgarzone1.0.csproj", "{638A6D52-925C-4CFF-A96C-64AF3BF7728B}"
EndProject
Global
	GlobalSection(SolutionConfigurationPlatforms) = preSolution
		Debug|Any CPU = Debug|Any CPU
		Release|Any CPU = Release|Any CPU
	EndGlobalSection
	GlobalSection(ProjectConfigurationPlatforms) = postSolution
		{638A6D52-925C-4CFF-A96C-64AF3BF7728B}.Debug|Any CPU.ActiveCfg = Debug|Any CPU
		{638A6D52-925C-4CFF-A96C-64AF3BF7728B}.Debug|Any CPU.Build.0 = Debug|Any CPU
		{638A6D52-925C-4CFF-A96C-64AF3BF7728B}.Release|Any CPU.ActiveCfg = Release|Any CPU
		{638A6D52-925C-4CFF-A96C-64AF3BF7728B}.Release|Any CPU.Build.0 = Release|Any CPU
	EndGlobalSection
	GlobalSection(SolutionProperties) = preSolution
		HideSolutionNode = FALSE
	EndGlobalSection
	GlobalSection(ExtensibilityGlobals) = postSolution
		SolutionGuid = {24D46A43-EA69-41B8-8F8B-71683B71D2BB}
	EndGlobalSection
EndGlobal
